{
  "meteor": {},
  "dependencies": {
    "basePackages": {
      "contact": {},
      "captcha": {},
      "iron-router-active": {},
      "iron-router": {},
      "iron-dynamic-template": {},
      "collection2": {},
      "glyphicons-halflings": {},
      "bootstrap-3": {},
      "autoform": {}
    },
    "packages": {
      "contact": {
        "git": "https://github.com/udondan/meteor-contact.git",
        "tag": "v0.3.3",
        "commit": "16372b6bb08e090900103ae3ac29959e0f41dd0d"
      },
      "captcha": {
        "git": "https://github.com/andi-bute/captcha-meteor.git",
        "tag": "v0.0.7",
        "commit": "d1f2e1f8de2ec1cfb6f8769b82f2accd610e6c92"
      },
      "iron-router-active": {
        "git": "https://github.com/XpressiveCode/iron-router-active.git",
        "tag": "v0.2.0",
        "commit": "1b05aad5325c3dfdb5186b9c288aa53013d767b8"
      },
      "iron-router": {
        "git": "https://github.com/EventedMind/iron-router.git",
        "tag": "v0.8.2",
        "commit": "05415a8891ea87a00fb1e2388585f2ca5a38e0da"
      },
      "iron-dynamic-template": {
        "git": "https://github.com/EventedMind/iron-dynamic-template.git",
        "tag": "v0.2.1",
        "commit": "4dd1185c4d9d616c9abdb3f33e4a7d5a88db7e18"
      },
      "collection2": {
        "git": "https://github.com/aldeed/meteor-collection2.git",
        "tag": "v0.4.6",
        "commit": "80554182486be0d8e74f7ed02194a5649d712e27"
      },
      "glyphicons-halflings": {
        "git": "https://github.com/chriswessels/meteor-glyphicons-halflings.git",
        "tag": "v1.0.2",
        "commit": "c943b42cddb92be8218322e7d638a98ef5d10366"
      },
      "bootstrap-3": {
        "git": "https://github.com/mangasocial/meteor-bootstrap-3.git",
        "tag": "v3.2.0-1",
        "commit": "17a63902fc6cf1096c5289d963c66cf28b474727"
      },
      "autoform": {
        "git": "https://github.com/aldeed/meteor-autoform.git",
        "tag": "v0.17.1",
        "commit": "a4688e7d77019a68ef43c2a303e905748beeb860"
      },
      "meteor-nodemailer": {
        "git": "https://github.com/Termina1/meteor-nodemailer.git",
        "tag": "v0.2.0",
        "commit": "1aa3c08acac0602ff9b705bec4dc1bdf92e680c7"
      },
      "bootstrap3-less": {
        "git": "https://github.com/simison/bootstrap3-less",
        "tag": "v0.2.1",
        "commit": "dc94a51ed00d7de6d6f2b6d65107a876d849ad61"
      },
      "npm": {
        "git": "https://github.com/arunoda/meteor-npm.git",
        "tag": "v0.2.6",
        "commit": "177ab6118de5bf8cffb19481343d5762ff7a2aaf"
      },
      "iron-layout": {
        "git": "https://github.com/EventedMind/iron-layout.git",
        "tag": "v0.2.0",
        "commit": "4a2d53e35ba036b0c189c7ceca34be494d4c6c97"
      },
      "iron-core": {
        "git": "https://github.com/EventedMind/iron-core.git",
        "tag": "v0.2.0",
        "commit": "0e48b5dc50d03f01025b7b900fb5ce2f13d52cad"
      },
      "simple-schema": {
        "git": "https://github.com/aldeed/meteor-simple-schema.git",
        "tag": "v0.7.0",
        "commit": "77d267aec4ba8a70f677e5d9ef9fb91fb0e3f0f6"
      },
      "moment": {
        "git": "https://github.com/acreeger/meteor-moment.git",
        "tag": "v2.8.1",
        "commit": "722ea63783d594341023836b7d418ab2567dab8c"
      },
      "blaze-layout": {
        "git": "https://github.com/EventedMind/blaze-layout.git",
        "tag": "v0.2.5",
        "commit": "273e3ab7d005d91a1a59c71bd224533b4dae2fbd"
      }
    }
  }
}
